
Microsoft Visual Studio Solution File, Format Version 12.00
# Visual Studio Version 17
VisualStudioVersion = 17.14.36408.4
MinimumVisualStudioVersion = 10.0.40219.1
Project("{FAE04EC0-301F-11D3-BF4B-00C04F79EFBC}") = "MovieAutomation", "MovieAutomation\MovieAutomation.csproj", "{F9777C62-57A1-424E-9949-339A6F2A1009}"
EndProject
Project("{FAE04EC0-301F-11D3-BF4B-00C04F79EFBC}") = "Movies", "Movies\Movies.csproj", "{2F39B322-E72D-4883-8B22-7F1D09BC936A}"
EndProject
Project("{FAE04EC0-301F-11D3-BF4B-00C04F79EFBC}") = "MoviesTest", "MoviesTest\MoviesTest.csproj", "{2FDBC20C-F375-4BA0-B35E-609F5B80DC72}"
EndProject
Global
	GlobalSection(SolutionConfigurationPlatforms) = preSolution
		Debug|Any CPU = Debug|Any CPU
		Release|Any CPU = Release|Any CPU
	EndGlobalSection
	GlobalSection(ProjectConfigurationPlatforms) = postSolution
		{F9777C62-57A1-424E-9949-339A6F2A1009}.Debug|Any CPU.ActiveCfg = Debug|Any CPU
		{F9777C62-57A1-424E-9949-339A6F2A1009}.Debug|Any CPU.Build.0 = Debug|Any CPU
		{F9777C62-57A1-424E-9949-339A6F2A1009}.Release|Any CPU.ActiveCfg = Release|Any CPU
		{F9777C62-57A1-424E-9949-339A6F2A1009}.Release|Any CPU.Build.0 = Release|Any CPU
		{2F39B322-E72D-4883-8B22-7F1D09BC936A}.Debug|Any CPU.ActiveCfg = Debug|Any CPU
		{2F39B322-E72D-4883-8B22-7F1D09BC936A}.Debug|Any CPU.Build.0 = Debug|Any CPU
		{2F39B322-E72D-4883-8B22-7F1D09BC936A}.Release|Any CPU.ActiveCfg = Release|Any CPU
		{2F39B322-E72D-4883-8B22-7F1D09BC936A}.Release|Any CPU.Build.0 = Release|Any CPU
		{2FDBC20C-F375-4BA0-B35E-609F5B80DC72}.Debug|Any CPU.ActiveCfg = Debug|Any CPU
		{2FDBC20C-F375-4BA0-B35E-609F5B80DC72}.Debug|Any CPU.Build.0 = Debug|Any CPU
		{2FDBC20C-F375-4BA0-B35E-609F5B80DC72}.Release|Any CPU.ActiveCfg = Release|Any CPU
		{2FDBC20C-F375-4BA0-B35E-609F5B80DC72}.Release|Any CPU.Build.0 = Release|Any CPU
	EndGlobalSection
	GlobalSection(SolutionProperties) = preSolution
		HideSolutionNode = FALSE
	EndGlobalSection
	GlobalSection(ExtensibilityGlobals) = postSolution
		SolutionGuid = {8D03420F-145E-44CD-B818-C4D398F82A7A}
	EndGlobalSection
EndGlobal
